{
  "name": "@test-runner/live-view",
  "version": "0.2.0",
  "lockfileVersion": 2,
  "requires": true,
  "packages": {
    "": {
      "name": "@test-runner/live-view",
      "version": "0.2.0",
      "license": "MIT",
      "dependencies": {
        "ansi-escape-sequences": "^6.2.0"
      },
      "engines": {
        "node": ">=12.17"
      }
    },
    "node_modules/ansi-escape-sequences": {
      "version": "6.2.0",
      "resolved": "https://registry.npmjs.org/ansi-escape-sequences/-/ansi-escape-sequences-6.2.0.tgz",
      "integrity": "sha512-tDwbanmlgu4wVCNM75YvwugiDn7iZtCewniuxZgLBbdVy/li7ufZhNpqPR7ZJgJVI2TzRcElDKBNlLaI+RSzbQ==",
      "dependencies": {
        "array-back": "^6.2.0"
      },
      "engines": {
        "node": ">=12.17"
      }
    },
    "node_modules/array-back": {
      "version": "6.2.0",
      "resolved": "https://registry.npmjs.org/array-back/-/array-back-6.2.0.tgz",
      "integrity": "sha512-mixVv03GOOn/ubHE4STQ+uevX42ETdk0JoMVEjNkSOCT7WgERh7C8/+NyhWYNpE3BN69pxFyJIBcF7CxWz/+4A==",
      "engines": {
        "node": ">=12.17"
      }
    }
  },
  "dependencies": {
    "ansi-escape-sequences": {
      "version": "6.2.0",
      "resolved": "https://registry.npmjs.org/ansi-escape-sequences/-/ansi-escape-sequences-6.2.0.tgz",
      "integrity": "sha512-tDwbanmlgu4wVCNM75YvwugiDn7iZtCewniuxZgLBbdVy/li7ufZhNpqPR7ZJgJVI2TzRcElDKBNlLaI+RSzbQ==",
      "requires": {
        "array-back": "^6.2.0"
      }
    },
    "array-back": {
      "version": "6.2.0",
      "resolved": "https://registry.npmjs.org/array-back/-/array-back-6.2.0.tgz",
      "integrity": "sha512-mixVv03GOOn/ubHE4STQ+uevX42ETdk0JoMVEjNkSOCT7WgERh7C8/+NyhWYNpE3BN69pxFyJIBcF7CxWz/+4A=="
    }
  }
}
